// !$*UTF8*$!
{
	archiveVersion = 1;
	classes = {
	};
	objectVersion = 56;
	objects = {

/* Begin PBXBuildFile section */
		PD001PD001PD001PD001PD01 /* PhaseD_WindowControllerTests.swift in Sources */ = {isa = PBXBuildFile; fileRef = PD001PD001PD001PD001PD02 /* PhaseD_WindowControllerTests.swift */; };
		SM001SM001SM001SM001SM01 /* SystemMetricsTests.swift in Sources */ = {isa = PBXBuildFile; fileRef = SM001SM001SM001SM001SM02 /* SystemMetricsTests.swift */; };
		SM002SM002SM002SM002SM01 /* SystemMetrics.swift in Sources */ = {isa = PBXBuildFile; fileRef = SM002SM002SM002SM002SM02 /* SystemMetrics.swift */; };
		SM003SM003SM003SM003SM01 /* SystemMetricsMonitor.swift in Sources */ = {isa = PBXBuildFile; fileRef = SM003SM003SM003SM003SM02 /* SystemMetricsMonitor.swift */; };
		SM005SM005SM005SM005SM01 /* SystemMetricsView.swift in Sources */ = {isa = PBXBuildFile; fileRef = SM005SM005SM005SM005SM02 /* SystemMetricsView.swift */; };
		SP001SP001SP001SP001SP01 /* SystemPetNodeTests.swift in Sources */ = {isa = PBXBuildFile; fileRef = SP001SP001SP001SP001SP02 /* SystemPetNodeTests.swift */; };
		SC001SC001SC001SC001SC01 /* SystemPetSceneTests.swift in Sources */ = {isa = PBXBuildFile; fileRef = SC001SC001SC001SC001SC02 /* SystemPetSceneTests.swift */; };
		SP002SP002SP002SP002SP01 /* SystemPet.swift in Sources */ = {isa = PBXBuildFile; fileRef = SP002SP002SP002SP002SP02 /* SystemPet.swift */; };
		SP003SP003SP003SP003SP01 /* SystemPetNode.swift in Sources */ = {isa = PBXBuildFile; fileRef = SP003SP003SP003SP003SP02 /* SystemPetNode.swift */; };
		15B59B5D2F7973AA00170E5B /* logo.png in Resources */ = {isa = PBXBuildFile; fileRef = 15B59B5C2F7973AA00170E5B /* logo.png */; };
		15B59B5F2F797D2700170E5B /* AppIcon.icns in Resources */ = {isa = PBXBuildFile; fileRef = 15B59B5E2F797D2700170E5B /* AppIcon.icns */; };
		3E1ED4571EA5484EA2B785AA /* SoAgentBarApp.swift in Sources */ = {isa = PBXBuildFile; fileRef = 3E1ED4571EA5484EA2B785AB /* SoAgentBarApp.swift */; };
		D0MAIN00012F8000000000000 /* main.swift in Sources */ = {isa = PBXBuildFile; fileRef = D0MAIN00012F8000000000001 /* main.swift */; };
		3E1ED4571EA5484EA2B785AC /* AgentStore.swift in Sources */ = {isa = PBXBuildFile; fileRef = 3E1ED4571EA5484EA2B785AD /* AgentStore.swift */; };
		3E1ED4571EA5484EA2B785B0 /* MenuBarIconView.swift in Sources */ = {isa = PBXBuildFile; fileRef = 3E1ED4571EA5484EA2B785B1 /* MenuBarIconView.swift */; };
		3E1ED4571EA5484EA2B785B2 /* AgentListView.swift in Sources */ = {isa = PBXBuildFile; fileRef = 3E1ED4571EA5484EA2B785B3 /* AgentListView.swift */; };
		3E1ED4571EA5484EA2B785B5 /* SessionMonitor.swift in Sources */ = {isa = PBXBuildFile; fileRef = 3E1ED4571EA5484EA2B785B6 /* SessionMonitor.swift */; };
		D04D14F12F7A4750001113FE /* Sparkle in Frameworks */ = {isa = PBXBuildFile; productRef = D04D14F02F7A4750001113FE /* Sparkle */; };
		D0A7CBDC2F7556870052C5A3 /* SettingsView.swift in Sources */ = {isa = PBXBuildFile; fileRef = D0A7CBDB2F7556860052C5A3 /* SettingsView.swift */; };
		D0A7CBDE2F7591410052C5A3 /* EmojiPickerView.swift in Sources */ = {isa = PBXBuildFile; fileRef = D0A7CBDD2F7591410052C5A3 /* EmojiPickerView.swift */; };
		PA1041PA1041PA1041PA1001 /* CharacterPickerView.swift in Sources */ = {isa = PBXBuildFile; fileRef = PA1041PA1041PA1041PA1002 /* CharacterPickerView.swift */; };
		D0A7CBE52F76505F0052C5A3 /* UsageMonitor.swift in Sources */ = {isa = PBXBuildFile; fileRef = D0A7CBE32F76505F0052C5A3 /* UsageMonitor.swift */; };
		D0A7CBE62F76505F0052C5A3 /* UsageView.swift in Sources */ = {isa = PBXBuildFile; fileRef = D0A7CBE42F76505F0052C5A3 /* UsageView.swift */; };
		D0A7CBE82F766AA30052C5A3 /* StatsStore.swift in Sources */ = {isa = PBXBuildFile; fileRef = D0A7CBE72F766AA30052C5A3 /* StatsStore.swift */; };
		D0A7CBEA2F766AD00052C5A3 /* StatsView.swift in Sources */ = {isa = PBXBuildFile; fileRef = D0A7CBE92F766AD00052C5A3 /* StatsView.swift */; };
		CC001CC001CC001CC001CC01 /* CostCalculator.swift in Sources */ = {isa = PBXBuildFile; fileRef = CC001CC001CC001CC001CC02 /* CostCalculator.swift */; };
		CC001CC001CC001CC001CC03 /* CostCalculatorTests.swift in Sources */ = {isa = PBXBuildFile; fileRef = CC001CC001CC001CC001CC04 /* CostCalculatorTests.swift */; };
		CC001CC001CC001CC001CC05 /* QuietHoursTests.swift in Sources */ = {isa = PBXBuildFile; fileRef = CC001CC001CC001CC001CC06 /* QuietHoursTests.swift */; };
		PA0001PA0001PA0001PA0001 /* PixelCharacterProvider.swift in Sources */ = {isa = PBXBuildFile; fileRef = PA0001PA0001PA0001PA0002 /* PixelCharacterProvider.swift */; };
		PA0002PA0002PA0002PA0001 /* PixelCharacterNode.swift in Sources */ = {isa = PBXBuildFile; fileRef = PA0002PA0002PA0002PA0002 /* PixelCharacterNode.swift */; };
		PA0003PA0003PA0003PA0001 /* PixelAgentsScene.swift in Sources */ = {isa = PBXBuildFile; fileRef = PA0003PA0003PA0003PA0002 /* PixelAgentsScene.swift */; };
		PA0004PA0004PA0004PA0001 /* SKViewRepresentable.swift in Sources */ = {isa = PBXBuildFile; fileRef = PA0004PA0004PA0004PA0002 /* SKViewRepresentable.swift */; };
		PA0005PA0005PA0005PA0001 /* PixelAgentsWindowController.swift in Sources */ = {isa = PBXBuildFile; fileRef = PA0005PA0005PA0005PA0002 /* PixelAgentsWindowController.swift */; };
		PA0006PA0006PA0006PA0001 /* PixelAgentsTests.swift in Sources */ = {isa = PBXBuildFile; fileRef = PA0006PA0006PA0006PA0002 /* PixelAgentsTests.swift */; };
		SM004SM004SM004SM004SM01 /* XCTAssertEqualOptional.swift in Sources */ = {isa = PBXBuildFile; fileRef = SM004SM004SM004SM004SM02 /* XCTAssertEqualOptional.swift */; };
		UF001UF001UF001UF001UF01 /* KeepAwakeManagerTests.swift in Sources */ = {isa = PBXBuildFile; fileRef = UF001UF001UF001UF001UF02 /* KeepAwakeManagerTests.swift */; };
		UF002UF002UF002UF002UF01 /* ClipboardMonitorTests.swift in Sources */ = {isa = PBXBuildFile; fileRef = UF002UF002UF002UF002UF02 /* ClipboardMonitorTests.swift */; };
		UF003UF003UF003UF003UF01 /* QuickNoteStoreTests.swift in Sources */ = {isa = PBXBuildFile; fileRef = UF003UF003UF003UF003UF02 /* QuickNoteStoreTests.swift */; };
		UF017UF017UF017UF017UF01 /* TestConformances.swift in Sources */ = {isa = PBXBuildFile; fileRef = UF017UF017UF017UF017UF02 /* TestConformances.swift */; };
		UF010UF010UF010UF010UF01 /* KeepAwakeManager.swift in Sources */ = {isa = PBXBuildFile; fileRef = UF010UF010UF010UF010UF02 /* KeepAwakeManager.swift */; };
		UF011UF011UF011UF011UF01 /* ClipboardEntry.swift in Sources */ = {isa = PBXBuildFile; fileRef = UF011UF011UF011UF011UF02 /* ClipboardEntry.swift */; };
		UF012UF012UF012UF012UF01 /* ClipboardMonitor.swift in Sources */ = {isa = PBXBuildFile; fileRef = UF012UF012UF012UF012UF02 /* ClipboardMonitor.swift */; };
		UF013UF013UF013UF013UF01 /* ClipboardHistoryView.swift in Sources */ = {isa = PBXBuildFile; fileRef = UF013UF013UF013UF013UF02 /* ClipboardHistoryView.swift */; };
		UF014UF014UF014UF014UF01 /* QuickNoteStore.swift in Sources */ = {isa = PBXBuildFile; fileRef = UF014UF014UF014UF014UF02 /* QuickNoteStore.swift */; };
		UF015UF015UF015UF015UF01 /* QuickNoteView.swift in Sources */ = {isa = PBXBuildFile; fileRef = UF015UF015UF015UF015UF02 /* QuickNoteView.swift */; };
		UF016UF016UF016UF016UF01 /* PopoverTab.swift in Sources */ = {isa = PBXBuildFile; fileRef = UF016UF016UF016UF016UF02 /* PopoverTab.swift */; };
		PA1000PA1000PA1000PA1001 /* char_0.png in Resources */ = {isa = PBXBuildFile; fileRef = PA1000PA1000PA1000PA1002 /* char_0.png */; };
		PA1001PA1001PA1001PA1001 /* char_1.png in Resources */ = {isa = PBXBuildFile; fileRef = PA1001PA1001PA1001PA1002 /* char_1.png */; };
		PA1002PA1002PA1002PA1001 /* char_2.png in Resources */ = {isa = PBXBuildFile; fileRef = PA1002PA1002PA1002PA1002 /* char_2.png */; };
		PA1003PA1003PA1003PA1001 /* char_3.png in Resources */ = {isa = PBXBuildFile; fileRef = PA1003PA1003PA1003PA1002 /* char_3.png */; };
		PA1004PA1004PA1004PA1001 /* char_4.png in Resources */ = {isa = PBXBuildFile; fileRef = PA1004PA1004PA1004PA1002 /* char_4.png */; };
		PA1005PA1005PA1005PA1001 /* char_5.png in Resources */ = {isa = PBXBuildFile; fileRef = PA1005PA1005PA1005PA1002 /* char_5.png */; };
		PA2006PA2006PA2006PA1001 /* char_6.png in Resources */ = {isa = PBXBuildFile; fileRef = PA2006PA2006PA2006PA1002 /* char_6.png */; };
		PA2007PA2007PA2007PA1001 /* char_7.png in Resources */ = {isa = PBXBuildFile; fileRef = PA2007PA2007PA2007PA1002 /* char_7.png */; };
		PA2008PA2008PA2008PA1001 /* char_8.png in Resources */ = {isa = PBXBuildFile; fileRef = PA2008PA2008PA2008PA1002 /* char_8.png */; };
		PA2009PA2009PA2009PA1001 /* char_9.png in Resources */ = {isa = PBXBuildFile; fileRef = PA2009PA2009PA2009PA1002 /* char_9.png */; };
		PA2010PA2010PA2010PA1001 /* char_10.png in Resources */ = {isa = PBXBuildFile; fileRef = PA2010PA2010PA2010PA1002 /* char_10.png */; };
		PA2011PA2011PA2011PA1001 /* char_11.png in Resources */ = {isa = PBXBuildFile; fileRef = PA2011PA2011PA2011PA1002 /* char_11.png */; };
		PA2012PA2012PA2012PA1001 /* char_12.png in Resources */ = {isa = PBXBuildFile; fileRef = PA2012PA2012PA2012PA1002 /* char_12.png */; };
		PA2013PA2013PA2013PA1001 /* char_13.png in Resources */ = {isa = PBXBuildFile; fileRef = PA2013PA2013PA2013PA1002 /* char_13.png */; };
		PA2014PA2014PA2014PA1001 /* char_14.png in Resources */ = {isa = PBXBuildFile; fileRef = PA2014PA2014PA2014PA1002 /* char_14.png */; };
		PA2015PA2015PA2015PA1001 /* char_15.png in Resources */ = {isa = PBXBuildFile; fileRef = PA2015PA2015PA2015PA1002 /* char_15.png */; };
		PA2016PA2016PA2016PA1001 /* char_16.png in Resources */ = {isa = PBXBuildFile; fileRef = PA2016PA2016PA2016PA1002 /* char_16.png */; };
		PA2017PA2017PA2017PA1001 /* char_17.png in Resources */ = {isa = PBXBuildFile; fileRef = PA2017PA2017PA2017PA1002 /* char_17.png */; };
		PA2018PA2018PA2018PA1001 /* char_18.png in Resources */ = {isa = PBXBuildFile; fileRef = PA2018PA2018PA2018PA1002 /* char_18.png */; };
		PA2019PA2019PA2019PA1001 /* char_19.png in Resources */ = {isa = PBXBuildFile; fileRef = PA2019PA2019PA2019PA1002 /* char_19.png */; };
		PA2020PA2020PA2020PA1001 /* char_20.png in Resources */ = {isa = PBXBuildFile; fileRef = PA2020PA2020PA2020PA1002 /* char_20.png */; };
		PA2021PA2021PA2021PA1001 /* char_21.png in Resources */ = {isa = PBXBuildFile; fileRef = PA2021PA2021PA2021PA1002 /* char_21.png */; };
		PA2022PA2022PA2022PA1001 /* char_22.png in Resources */ = {isa = PBXBuildFile; fileRef = PA2022PA2022PA2022PA1002 /* char_22.png */; };
		PA2023PA2023PA2023PA1001 /* char_23.png in Resources */ = {isa = PBXBuildFile; fileRef = PA2023PA2023PA2023PA1002 /* char_23.png */; };
		PA2024PA2024PA2024PA1001 /* char_24.png in Resources */ = {isa = PBXBuildFile; fileRef = PA2024PA2024PA2024PA1002 /* char_24.png */; };
		PA2025PA2025PA2025PA1001 /* char_25.png in Resources */ = {isa = PBXBuildFile; fileRef = PA2025PA2025PA2025PA1002 /* char_25.png */; };
		PA2026PA2026PA2026PA1001 /* char_26.png in Resources */ = {isa = PBXBuildFile; fileRef = PA2026PA2026PA2026PA1002 /* char_26.png */; };
		PA2027PA2027PA2027PA1001 /* char_27.png in Resources */ = {isa = PBXBuildFile; fileRef = PA2027PA2027PA2027PA1002 /* char_27.png */; };
		PA2028PA2028PA2028PA1001 /* char_28.png in Resources */ = {isa = PBXBuildFile; fileRef = PA2028PA2028PA2028PA1002 /* char_28.png */; };
		PA2029PA2029PA2029PA1001 /* char_29.png in Resources */ = {isa = PBXBuildFile; fileRef = PA2029PA2029PA2029PA1002 /* char_29.png */; };
		PA2030PA2030PA2030PA1001 /* char_30.png in Resources */ = {isa = PBXBuildFile; fileRef = PA2030PA2030PA2030PA1002 /* char_30.png */; };
		PA2031PA2031PA2031PA1001 /* char_31.png in Resources */ = {isa = PBXBuildFile; fileRef = PA2031PA2031PA2031PA1002 /* char_31.png */; };
		PA2032PA2032PA2032PA1001 /* char_32.png in Resources */ = {isa = PBXBuildFile; fileRef = PA2032PA2032PA2032PA1002 /* char_32.png */; };
		PA2033PA2033PA2033PA1001 /* char_33.png in Resources */ = {isa = PBXBuildFile; fileRef = PA2033PA2033PA2033PA1002 /* char_33.png */; };
		PA2034PA2034PA2034PA1001 /* char_34.png in Resources */ = {isa = PBXBuildFile; fileRef = PA2034PA2034PA2034PA1002 /* char_34.png */; };
		PA2035PA2035PA2035PA1001 /* char_35.png in Resources */ = {isa = PBXBuildFile; fileRef = PA2035PA2035PA2035PA1002 /* char_35.png */; };
		PA2036PA2036PA2036PA1001 /* char_36.png in Resources */ = {isa = PBXBuildFile; fileRef = PA2036PA2036PA2036PA1002 /* char_36.png */; };
		PA2037PA2037PA2037PA1001 /* char_37.png in Resources */ = {isa = PBXBuildFile; fileRef = PA2037PA2037PA2037PA1002 /* char_37.png */; };
		PA2038PA2038PA2038PA1001 /* char_38.png in Resources */ = {isa = PBXBuildFile; fileRef = PA2038PA2038PA2038PA1002 /* char_38.png */; };
		PA2039PA2039PA2039PA1001 /* char_39.png in Resources */ = {isa = PBXBuildFile; fileRef = PA2039PA2039PA2039PA1002 /* char_39.png */; };
		PA1010PA1010PA1010PA1001 /* floor_0.png in Resources */ = {isa = PBXBuildFile; fileRef = PA1010PA1010PA1010PA1002 /* floor_0.png */; };
		PA1010PA1010PA1010PA1003 /* floor_3.png in Resources */ = {isa = PBXBuildFile; fileRef = PA1010PA1010PA1010PA1004 /* floor_3.png */; };
		PA1021PA1021PA1021PA1001 /* DESK_SIDE.png in Resources */ = {isa = PBXBuildFile; fileRef = PA1021PA1021PA1021PA1002 /* DESK_SIDE.png */; };
		PA1025PA1025PA1025PA1001 /* PC_SIDE.png in Resources */ = {isa = PBXBuildFile; fileRef = PA1025PA1025PA1025PA1002 /* PC_SIDE.png */; };
		PA1030PA1030PA1030PA1001 /* SOFA_FRONT.png in Resources */ = {isa = PBXBuildFile; fileRef = PA1030PA1030PA1030PA1002 /* SOFA_FRONT.png */; };
		PA1031PA1031PA1031PA1001 /* CUSHIONED_BENCH.png in Resources */ = {isa = PBXBuildFile; fileRef = PA1031PA1031PA1031PA1002 /* CUSHIONED_BENCH.png */; };
		PA1045PA1045PA1045PA1001 /* PLANT_LEFT.png in Resources */ = {isa = PBXBuildFile; fileRef = PA1045PA1045PA1045PA1002 /* PLANT_LEFT.png */; };
		PA1046PA1046PA1046PA1001 /* PLANT_RIGHT.png in Resources */ = {isa = PBXBuildFile; fileRef = PA1046PA1046PA1046PA1002 /* PLANT_RIGHT.png */; };
		PA1047PA1047PA1047PA1001 /* VENDING_MACHINE.png in Resources */ = {isa = PBXBuildFile; fileRef = PA1047PA1047PA1047PA1002 /* VENDING_MACHINE.png */; };
		PA1048PA1048PA1048PA1001 /* MEETING_TABLE.png in Resources */ = {isa = PBXBuildFile; fileRef = PA1048PA1048PA1048PA1002 /* MEETING_TABLE.png */; };
		PA1049PA1049PA1049PA1001 /* FRIDGE.png in Resources */ = {isa = PBXBuildFile; fileRef = PA1049PA1049PA1049PA1002 /* FRIDGE.png */; };
		PA1050PA1050PA1050PA1001 /* FRAME_SMALL.png in Resources */ = {isa = PBXBuildFile; fileRef = PA1050PA1050PA1050PA1002 /* FRAME_SMALL.png */; };
		PA1051PA1051PA1051PA1001 /* FRAME_LARGE.png in Resources */ = {isa = PBXBuildFile; fileRef = PA1051PA1051PA1051PA1002 /* FRAME_LARGE.png */; };
		PA1052PA1052PA1052PA1001 /* BOOKSHELF.png in Resources */ = {isa = PBXBuildFile; fileRef = PA1052PA1052PA1052PA1002 /* BOOKSHELF.png */; };
		PA1053PA1053PA1053PA1001 /* COFFEE_DESK.png in Resources */ = {isa = PBXBuildFile; fileRef = PA1053PA1053PA1053PA1002 /* COFFEE_DESK.png */; };
		PA1054PA1054PA1054PA1001 /* COFFEE_MACHINE.png in Resources */ = {isa = PBXBuildFile; fileRef = PA1054PA1054PA1054PA1002 /* COFFEE_MACHINE.png */; };
		PA1055PA1055PA1055PA1001 /* MUG.png in Resources */ = {isa = PBXBuildFile; fileRef = PA1055PA1055PA1055PA1002 /* MUG.png */; };
		PA1056PA1056PA1056PA1001 /* cat_01.png in Resources */ = {isa = PBXBuildFile; fileRef = PA1056PA1056PA1056PA1002 /* cat_01.png */; };
		PA1057PA1057PA1057PA1001 /* dog_01.png in Resources */ = {isa = PBXBuildFile; fileRef = PA1057PA1057PA1057PA1002 /* dog_01.png */; };
/* End PBXBuildFile section */

/* Begin PBXFileReference section */
		15B59B5C2F7973AA00170E5B /* logo.png */ = {isa = PBXFileReference; lastKnownFileType = image.png; path = logo.png; sourceTree = "<group>"; };
		15B59B5E2F797D2700170E5B /* AppIcon.icns */ = {isa = PBXFileReference; lastKnownFileType = image.icns; path = AppIcon.icns; sourceTree = "<group>"; };
		3E1ED4571EA5484EA2B785A0 /* SoAgentBar.app */ = {isa = PBXFileReference; explicitFileType = wrapper.application; includeInIndex = 0; path = SoAgentBar.app; sourceTree = BUILT_PRODUCTS_DIR; };
		3E1ED4571EA5484EA2B785AB /* SoAgentBarApp.swift */ = {isa = PBXFileReference; lastKnownFileType = sourcecode.swift; path = SoAgentBarApp.swift; sourceTree = "<group>"; };
		3E1ED4571EA5484EA2B785AD /* AgentStore.swift */ = {isa = PBXFileReference; lastKnownFileType = sourcecode.swift; path = AgentStore.swift; sourceTree = "<group>"; };
		3E1ED4571EA5484EA2B785B1 /* MenuBarIconView.swift */ = {isa = PBXFileReference; lastKnownFileType = sourcecode.swift; path = MenuBarIconView.swift; sourceTree = "<group>"; };
		3E1ED4571EA5484EA2B785B3 /* AgentListView.swift */ = {isa = PBXFileReference; lastKnownFileType = sourcecode.swift; path = AgentListView.swift; sourceTree = "<group>"; };
		3E1ED4571EA5484EA2B785B4 /* Info.plist */ = {isa = PBXFileReference; lastKnownFileType = text.plist.xml; path = Info.plist; sourceTree = "<group>"; };
		3E1ED4571EA5484EA2B785B6 /* SessionMonitor.swift */ = {isa = PBXFileReference; lastKnownFileType = sourcecode.swift; path = SessionMonitor.swift; sourceTree = "<group>"; };
		D0A7CBDB2F7556860052C5A3 /* SettingsView.swift */ = {isa = PBXFileReference; lastKnownFileType = sourcecode.swift; path = SettingsView.swift; sourceTree = "<group>"; };
		D0A7CBDD2F7591410052C5A3 /* EmojiPickerView.swift */ = {isa = PBXFileReference; lastKnownFileType = sourcecode.swift; path = EmojiPickerView.swift; sourceTree = "<group>"; };
		PA1041PA1041PA1041PA1002 /* CharacterPickerView.swift */ = {isa = PBXFileReference; lastKnownFileType = sourcecode.swift; path = CharacterPickerView.swift; sourceTree = "<group>"; };
		D0A7CBE32F76505F0052C5A3 /* UsageMonitor.swift */ = {isa = PBXFileReference; lastKnownFileType = sourcecode.swift; path = UsageMonitor.swift; sourceTree = "<group>"; };
		D0A7CBE42F76505F0052C5A3 /* UsageView.swift */ = {isa = PBXFileReference; lastKnownFileType = sourcecode.swift; path = UsageView.swift; sourceTree = "<group>"; };
		D0A7CBE72F766AA30052C5A3 /* StatsStore.swift */ = {isa = PBXFileReference; lastKnownFileType = sourcecode.swift; path = StatsStore.swift; sourceTree = "<group>"; };
		D0A7CBE92F766AD00052C5A3 /* StatsView.swift */ = {isa = PBXFileReference; lastKnownFileType = sourcecode.swift; path = StatsView.swift; sourceTree = "<group>"; };
		D0MAIN00012F8000000000001 /* main.swift */ = {isa = PBXFileReference; lastKnownFileType = sourcecode.swift; path = main.swift; sourceTree = "<group>"; };
		CC001CC001CC001CC001CC02 /* CostCalculator.swift */ = {isa = PBXFileReference; lastKnownFileType = sourcecode.swift; path = CostCalculator.swift; sourceTree = "<group>"; };
		CC001CC001CC001CC001CC04 /* CostCalculatorTests.swift */ = {isa = PBXFileReference; lastKnownFileType = sourcecode.swift; path = CostCalculatorTests.swift; sourceTree = "<group>"; };
		CC001CC001CC001CC001CC06 /* QuietHoursTests.swift */ = {isa = PBXFileReference; lastKnownFileType = sourcecode.swift; path = QuietHoursTests.swift; sourceTree = "<group>"; };
		CC001CC001CC001CC001CC07 /* SoAgentBarTests.xctest */ = {isa = PBXFileReference; explicitFileType = wrapper.cfbundle; includeInIndex = 0; path = SoAgentBarTests.xctest; sourceTree = BUILT_PRODUCTS_DIR; };
		PA0001PA0001PA0001PA0002 /* PixelCharacterProvider.swift */ = {isa = PBXFileReference; lastKnownFileType = sourcecode.swift; path = PixelCharacterProvider.swift; sourceTree = "<group>"; };
		PA0002PA0002PA0002PA0002 /* PixelCharacterNode.swift */ = {isa = PBXFileReference; lastKnownFileType = sourcecode.swift; path = PixelCharacterNode.swift; sourceTree = "<group>"; };
		PA0003PA0003PA0003PA0002 /* PixelAgentsScene.swift */ = {isa = PBXFileReference; lastKnownFileType = sourcecode.swift; path = PixelAgentsScene.swift; sourceTree = "<group>"; };
		PA0004PA0004PA0004PA0002 /* SKViewRepresentable.swift */ = {isa = PBXFileReference; lastKnownFileType = sourcecode.swift; path = SKViewRepresentable.swift; sourceTree = "<group>"; };
		PA0005PA0005PA0005PA0002 /* PixelAgentsWindowController.swift */ = {isa = PBXFileReference; lastKnownFileType = sourcecode.swift; path = PixelAgentsWindowController.swift; sourceTree = "<group>"; };
		PA0006PA0006PA0006PA0002 /* PixelAgentsTests.swift */ = {isa = PBXFileReference; lastKnownFileType = sourcecode.swift; path = PixelAgentsTests.swift; sourceTree = "<group>"; };
		SM001SM001SM001SM001SM02 /* SystemMetricsTests.swift */ = {isa = PBXFileReference; lastKnownFileType = sourcecode.swift; path = SystemMetricsTests.swift; sourceTree = "<group>"; };
		SM002SM002SM002SM002SM02 /* SystemMetrics.swift */ = {isa = PBXFileReference; lastKnownFileType = sourcecode.swift; path = SystemMetrics.swift; sourceTree = "<group>"; };
		SM003SM003SM003SM003SM02 /* SystemMetricsMonitor.swift */ = {isa = PBXFileReference; lastKnownFileType = sourcecode.swift; path = SystemMetricsMonitor.swift; sourceTree = "<group>"; };
		SM005SM005SM005SM005SM02 /* SystemMetricsView.swift */ = {isa = PBXFileReference; lastKnownFileType = sourcecode.swift; path = SystemMetricsView.swift; sourceTree = "<group>"; };
		SP001SP001SP001SP001SP02 /* SystemPetNodeTests.swift */ = {isa = PBXFileReference; lastKnownFileType = sourcecode.swift; path = SystemPetNodeTests.swift; sourceTree = "<group>"; };
		SC001SC001SC001SC001SC02 /* SystemPetSceneTests.swift */ = {isa = PBXFileReference; lastKnownFileType = sourcecode.swift; path = SystemPetSceneTests.swift; sourceTree = "<group>"; };
		PD001PD001PD001PD001PD02 /* PhaseD_WindowControllerTests.swift */ = {isa = PBXFileReference; lastKnownFileType = sourcecode.swift; path = PhaseD_WindowControllerTests.swift; sourceTree = "<group>"; };
		SP002SP002SP002SP002SP02 /* SystemPet.swift */ = {isa = PBXFileReference; lastKnownFileType = sourcecode.swift; path = SystemPet.swift; sourceTree = "<group>"; };
		SP003SP003SP003SP003SP02 /* SystemPetNode.swift */ = {isa = PBXFileReference; lastKnownFileType = sourcecode.swift; path = SystemPetNode.swift; sourceTree = "<group>"; };
		SM004SM004SM004SM004SM02 /* XCTAssertEqualOptional.swift */ = {isa = PBXFileReference; lastKnownFileType = sourcecode.swift; path = XCTAssertEqualOptional.swift; sourceTree = "<group>"; };
		UF001UF001UF001UF001UF02 /* KeepAwakeManagerTests.swift */ = {isa = PBXFileReference; lastKnownFileType = sourcecode.swift; path = KeepAwakeManagerTests.swift; sourceTree = "<group>"; };
		UF002UF002UF002UF002UF02 /* ClipboardMonitorTests.swift */ = {isa = PBXFileReference; lastKnownFileType = sourcecode.swift; path = ClipboardMonitorTests.swift; sourceTree = "<group>"; };
		UF003UF003UF003UF003UF02 /* QuickNoteStoreTests.swift */ = {isa = PBXFileReference; lastKnownFileType = sourcecode.swift; path = QuickNoteStoreTests.swift; sourceTree = "<group>"; };
		UF017UF017UF017UF017UF02 /* TestConformances.swift */ = {isa = PBXFileReference; lastKnownFileType = sourcecode.swift; path = TestConformances.swift; sourceTree = "<group>"; };
		UF010UF010UF010UF010UF02 /* KeepAwakeManager.swift */ = {isa = PBXFileReference; lastKnownFileType = sourcecode.swift; path = KeepAwakeManager.swift; sourceTree = "<group>"; };
		UF011UF011UF011UF011UF02 /* ClipboardEntry.swift */ = {isa = PBXFileReference; lastKnownFileType = sourcecode.swift; path = ClipboardEntry.swift; sourceTree = "<group>"; };
		UF012UF012UF012UF012UF02 /* ClipboardMonitor.swift */ = {isa = PBXFileReference; lastKnownFileType = sourcecode.swift; path = ClipboardMonitor.swift; sourceTree = "<group>"; };
		UF013UF013UF013UF013UF02 /* ClipboardHistoryView.swift */ = {isa = PBXFileReference; lastKnownFileType = sourcecode.swift; path = ClipboardHistoryView.swift; sourceTree = "<group>"; };
		UF014UF014UF014UF014UF02 /* QuickNoteStore.swift */ = {isa = PBXFileReference; lastKnownFileType = sourcecode.swift; path = QuickNoteStore.swift; sourceTree = "<group>"; };
		UF015UF015UF015UF015UF02 /* QuickNoteView.swift */ = {isa = PBXFileReference; lastKnownFileType = sourcecode.swift; path = QuickNoteView.swift; sourceTree = "<group>"; };
		UF016UF016UF016UF016UF02 /* PopoverTab.swift */ = {isa = PBXFileReference; lastKnownFileType = sourcecode.swift; path = PopoverTab.swift; sourceTree = "<group>"; };
		PA1000PA1000PA1000PA1002 /* char_0.png */ = {isa = PBXFileReference; lastKnownFileType = image.png; name = char_0.png; path = "Assets/pixel-agents/characters/char_0.png"; sourceTree = "<group>"; };
		PA1001PA1001PA1001PA1002 /* char_1.png */ = {isa = PBXFileReference; lastKnownFileType = image.png; name = char_1.png; path = "Assets/pixel-agents/characters/char_1.png"; sourceTree = "<group>"; };
		PA1002PA1002PA1002PA1002 /* char_2.png */ = {isa = PBXFileReference; lastKnownFileType = image.png; name = char_2.png; path = "Assets/pixel-agents/characters/char_2.png"; sourceTree = "<group>"; };
		PA1003PA1003PA1003PA1002 /* char_3.png */ = {isa = PBXFileReference; lastKnownFileType = image.png; name = char_3.png; path = "Assets/pixel-agents/characters/char_3.png"; sourceTree = "<group>"; };
		PA1004PA1004PA1004PA1002 /* char_4.png */ = {isa = PBXFileReference; lastKnownFileType = image.png; name = char_4.png; path = "Assets/pixel-agents/characters/char_4.png"; sourceTree = "<group>"; };
		PA1005PA1005PA1005PA1002 /* char_5.png */ = {isa = PBXFileReference; lastKnownFileType = image.png; name = char_5.png; path = "Assets/pixel-agents/characters/char_5.png"; sourceTree = "<group>"; };
		PA2006PA2006PA2006PA1002 /* char_6.png */ = {isa = PBXFileReference; lastKnownFileType = image.png; name = char_6.png; path = "Assets/pixel-agents/characters/char_6.png"; sourceTree = "<group>"; };
		PA2007PA2007PA2007PA1002 /* char_7.png */ = {isa = PBXFileReference; lastKnownFileType = image.png; name = char_7.png; path = "Assets/pixel-agents/characters/char_7.png"; sourceTree = "<group>"; };
		PA2008PA2008PA2008PA1002 /* char_8.png */ = {isa = PBXFileReference; lastKnownFileType = image.png; name = char_8.png; path = "Assets/pixel-agents/characters/char_8.png"; sourceTree = "<group>"; };
		PA2009PA2009PA2009PA1002 /* char_9.png */ = {isa = PBXFileReference; lastKnownFileType = image.png; name = char_9.png; path = "Assets/pixel-agents/characters/char_9.png"; sourceTree = "<group>"; };
		PA2010PA2010PA2010PA1002 /* char_10.png */ = {isa = PBXFileReference; lastKnownFileType = image.png; name = char_10.png; path = "Assets/pixel-agents/characters/char_10.png"; sourceTree = "<group>"; };
		PA2011PA2011PA2011PA1002 /* char_11.png */ = {isa = PBXFileReference; lastKnownFileType = image.png; name = char_11.png; path = "Assets/pixel-agents/characters/char_11.png"; sourceTree = "<group>"; };
		PA2012PA2012PA2012PA1002 /* char_12.png */ = {isa = PBXFileReference; lastKnownFileType = image.png; name = char_12.png; path = "Assets/pixel-agents/characters/char_12.png"; sourceTree = "<group>"; };
		PA2013PA2013PA2013PA1002 /* char_13.png */ = {isa = PBXFileReference; lastKnownFileType = image.png; name = char_13.png; path = "Assets/pixel-agents/characters/char_13.png"; sourceTree = "<group>"; };
		PA2014PA2014PA2014PA1002 /* char_14.png */ = {isa = PBXFileReference; lastKnownFileType = image.png; name = char_14.png; path = "Assets/pixel-agents/characters/char_14.png"; sourceTree = "<group>"; };
		PA2015PA2015PA2015PA1002 /* char_15.png */ = {isa = PBXFileReference; lastKnownFileType = image.png; name = char_15.png; path = "Assets/pixel-agents/characters/char_15.png"; sourceTree = "<group>"; };
		PA2016PA2016PA2016PA1002 /* char_16.png */ = {isa = PBXFileReference; lastKnownFileType = image.png; name = char_16.png; path = "Assets/pixel-agents/characters/char_16.png"; sourceTree = "<group>"; };
		PA2017PA2017PA2017PA1002 /* char_17.png */ = {isa = PBXFileReference; lastKnownFileType = image.png; name = char_17.png; path = "Assets/pixel-agents/characters/char_17.png"; sourceTree = "<group>"; };
		PA2018PA2018PA2018PA1002 /* char_18.png */ = {isa = PBXFileReference; lastKnownFileType = image.png; name = char_18.png; path = "Assets/pixel-agents/characters/char_18.png"; sourceTree = "<group>"; };
		PA2019PA2019PA2019PA1002 /* char_19.png */ = {isa = PBXFileReference; lastKnownFileType = image.png; name = char_19.png; path = "Assets/pixel-agents/characters/char_19.png"; sourceTree = "<group>"; };
		PA2020PA2020PA2020PA1002 /* char_20.png */ = {isa = PBXFileReference; lastKnownFileType = image.png; name = char_20.png; path = "Assets/pixel-agents/characters/char_20.png"; sourceTree = "<group>"; };
		PA2021PA2021PA2021PA1002 /* char_21.png */ = {isa = PBXFileReference; lastKnownFileType = image.png; name = char_21.png; path = "Assets/pixel-agents/characters/char_21.png"; sourceTree = "<group>"; };
		PA2022PA2022PA2022PA1002 /* char_22.png */ = {isa = PBXFileReference; lastKnownFileType = image.png; name = char_22.png; path = "Assets/pixel-agents/characters/char_22.png"; sourceTree = "<group>"; };
		PA2023PA2023PA2023PA1002 /* char_23.png */ = {isa = PBXFileReference; lastKnownFileType = image.png; name = char_23.png; path = "Assets/pixel-agents/characters/char_23.png"; sourceTree = "<group>"; };
		PA2024PA2024PA2024PA1002 /* char_24.png */ = {isa = PBXFileReference; lastKnownFileType = image.png; name = char_24.png; path = "Assets/pixel-agents/characters/char_24.png"; sourceTree = "<group>"; };
		PA2025PA2025PA2025PA1002 /* char_25.png */ = {isa = PBXFileReference; lastKnownFileType = image.png; name = char_25.png; path = "Assets/pixel-agents/characters/char_25.png"; sourceTree = "<group>"; };
		PA2026PA2026PA2026PA1002 /* char_26.png */ = {isa = PBXFileReference; lastKnownFileType = image.png; name = char_26.png; path = "Assets/pixel-agents/characters/char_26.png"; sourceTree = "<group>"; };
		PA2027PA2027PA2027PA1002 /* char_27.png */ = {isa = PBXFileReference; lastKnownFileType = image.png; name = char_27.png; path = "Assets/pixel-agents/characters/char_27.png"; sourceTree = "<group>"; };
		PA2028PA2028PA2028PA1002 /* char_28.png */ = {isa = PBXFileReference; lastKnownFileType = image.png; name = char_28.png; path = "Assets/pixel-agents/characters/char_28.png"; sourceTree = "<group>"; };
		PA2029PA2029PA2029PA1002 /* char_29.png */ = {isa = PBXFileReference; lastKnownFileType = image.png; name = char_29.png; path = "Assets/pixel-agents/characters/char_29.png"; sourceTree = "<group>"; };
		PA2030PA2030PA2030PA1002 /* char_30.png */ = {isa = PBXFileReference; lastKnownFileType = image.png; name = char_30.png; path = "Assets/pixel-agents/characters/char_30.png"; sourceTree = "<group>"; };
		PA2031PA2031PA2031PA1002 /* char_31.png */ = {isa = PBXFileReference; lastKnownFileType = image.png; name = char_31.png; path = "Assets/pixel-agents/characters/char_31.png"; sourceTree = "<group>"; };
		PA2032PA2032PA2032PA1002 /* char_32.png */ = {isa = PBXFileReference; lastKnownFileType = image.png; name = char_32.png; path = "Assets/pixel-agents/characters/char_32.png"; sourceTree = "<group>"; };
		PA2033PA2033PA2033PA1002 /* char_33.png */ = {isa = PBXFileReference; lastKnownFileType = image.png; name = char_33.png; path = "Assets/pixel-agents/characters/char_33.png"; sourceTree = "<group>"; };
		PA2034PA2034PA2034PA1002 /* char_34.png */ = {isa = PBXFileReference; lastKnownFileType = image.png; name = char_34.png; path = "Assets/pixel-agents/characters/char_34.png"; sourceTree = "<group>"; };
		PA2035PA2035PA2035PA1002 /* char_35.png */ = {isa = PBXFileReference; lastKnownFileType = image.png; name = char_35.png; path = "Assets/pixel-agents/characters/char_35.png"; sourceTree = "<group>"; };
		PA2036PA2036PA2036PA1002 /* char_36.png */ = {isa = PBXFileReference; lastKnownFileType = image.png; name = char_36.png; path = "Assets/pixel-agents/characters/char_36.png"; sourceTree = "<group>"; };
		PA2037PA2037PA2037PA1002 /* char_37.png */ = {isa = PBXFileReference; lastKnownFileType = image.png; name = char_37.png; path = "Assets/pixel-agents/characters/char_37.png"; sourceTree = "<group>"; };
		PA2038PA2038PA2038PA1002 /* char_38.png */ = {isa = PBXFileReference; lastKnownFileType = image.png; name = char_38.png; path = "Assets/pixel-agents/characters/char_38.png"; sourceTree = "<group>"; };
		PA2039PA2039PA2039PA1002 /* char_39.png */ = {isa = PBXFileReference; lastKnownFileType = image.png; name = char_39.png; path = "Assets/pixel-agents/characters/char_39.png"; sourceTree = "<group>"; };
		PA1010PA1010PA1010PA1002 /* floor_0.png */ = {isa = PBXFileReference; lastKnownFileType = image.png; name = floor_0.png; path = "Assets/pixel-agents/floors/floor_0.png"; sourceTree = "<group>"; };
		PA1010PA1010PA1010PA1004 /* floor_3.png */ = {isa = PBXFileReference; lastKnownFileType = image.png; name = floor_3.png; path = "Assets/pixel-agents/floors/floor_3.png"; sourceTree = "<group>"; };
		PA1021PA1021PA1021PA1002 /* DESK_SIDE.png */ = {isa = PBXFileReference; lastKnownFileType = image.png; name = DESK_SIDE.png; path = "Assets/pixel-agents/furniture/DESK_SIDE.png"; sourceTree = "<group>"; };
		PA1025PA1025PA1025PA1002 /* PC_SIDE.png */ = {isa = PBXFileReference; lastKnownFileType = image.png; name = PC_SIDE.png; path = "Assets/pixel-agents/furniture/PC_SIDE.png"; sourceTree = "<group>"; };
		PA1030PA1030PA1030PA1002 /* SOFA_FRONT.png */ = {isa = PBXFileReference; lastKnownFileType = image.png; name = SOFA_FRONT.png; path = "Assets/pixel-agents/furniture/SOFA_FRONT.png"; sourceTree = "<group>"; };
		PA1031PA1031PA1031PA1002 /* CUSHIONED_BENCH.png */ = {isa = PBXFileReference; lastKnownFileType = image.png; name = CUSHIONED_BENCH.png; path = "Assets/pixel-agents/furniture/CUSHIONED_BENCH.png"; sourceTree = "<group>"; };
		PA1045PA1045PA1045PA1002 /* PLANT_LEFT.png */ = {isa = PBXFileReference; lastKnownFileType = image.png; name = PLANT_LEFT.png; path = "Assets/pixel-agents/furniture/PLANT_LEFT.png"; sourceTree = "<group>"; };
		PA1046PA1046PA1046PA1002 /* PLANT_RIGHT.png */ = {isa = PBXFileReference; lastKnownFileType = image.png; name = PLANT_RIGHT.png; path = "Assets/pixel-agents/furniture/PLANT_RIGHT.png"; sourceTree = "<group>"; };
		PA1047PA1047PA1047PA1002 /* VENDING_MACHINE.png */ = {isa = PBXFileReference; lastKnownFileType = image.png; name = VENDING_MACHINE.png; path = "Assets/pixel-agents/furniture/VENDING_MACHINE.png"; sourceTree = "<group>"; };
		PA1048PA1048PA1048PA1002 /* MEETING_TABLE.png */ = {isa = PBXFileReference; lastKnownFileType = image.png; name = MEETING_TABLE.png; path = "Assets/pixel-agents/furniture/MEETING_TABLE.png"; sourceTree = "<group>"; };
		PA1049PA1049PA1049PA1002 /* FRIDGE.png */ = {isa = PBXFileReference; lastKnownFileType = image.png; name = FRIDGE.png; path = "Assets/pixel-agents/furniture/FRIDGE.png"; sourceTree = "<group>"; };
		PA1050PA1050PA1050PA1002 /* FRAME_SMALL.png */ = {isa = PBXFileReference; lastKnownFileType = image.png; name = FRAME_SMALL.png; path = "Assets/pixel-agents/furniture/FRAME_SMALL.png"; sourceTree = "<group>"; };
		PA1051PA1051PA1051PA1002 /* FRAME_LARGE.png */ = {isa = PBXFileReference; lastKnownFileType = image.png; name = FRAME_LARGE.png; path = "Assets/pixel-agents/furniture/FRAME_LARGE.png"; sourceTree = "<group>"; };
		PA1052PA1052PA1052PA1002 /* BOOKSHELF.png */ = {isa = PBXFileReference; lastKnownFileType = image.png; name = BOOKSHELF.png; path = "Assets/pixel-agents/furniture/BOOKSHELF.png"; sourceTree = "<group>"; };
		PA1053PA1053PA1053PA1002 /* COFFEE_DESK.png */ = {isa = PBXFileReference; lastKnownFileType = image.png; name = COFFEE_DESK.png; path = "Assets/pixel-agents/furniture/COFFEE_DESK.png"; sourceTree = "<group>"; };
		PA1054PA1054PA1054PA1002 /* COFFEE_MACHINE.png */ = {isa = PBXFileReference; lastKnownFileType = image.png; name = COFFEE_MACHINE.png; path = "Assets/pixel-agents/furniture/COFFEE_MACHINE.png"; sourceTree = "<group>"; };
		PA1055PA1055PA1055PA1002 /* MUG.png */ = {isa = PBXFileReference; lastKnownFileType = image.png; name = MUG.png; path = "Assets/pixel-agents/furniture/MUG.png"; sourceTree = "<group>"; };
		PA1056PA1056PA1056PA1002 /* cat_01.png */ = {isa = PBXFileReference; lastKnownFileType = image.png; name = cat_01.png; path = "Assets/pixel-agents/animals/cat_01.png"; sourceTree = "<group>"; };
		PA1057PA1057PA1057PA1002 /* dog_01.png */ = {isa = PBXFileReference; lastKnownFileType = image.png; name = dog_01.png; path = "Assets/pixel-agents/animals/dog_01.png"; sourceTree = "<group>"; };
/* End PBXFileReference section */

/* Begin PBXFrameworksBuildPhase section */
		3E1ED4571EA5484EA2B785FE /* Frameworks */ = {
			isa = PBXFrameworksBuildPhase;
			buildActionMask = 2147483647;
			files = (
				D04D14F12F7A4750001113FE /* Sparkle in Frameworks */,
			);
			runOnlyForDeploymentPostprocessing = 0;
		};
		CC001CC001CC001CC001CC08 /* Frameworks */ = {
			isa = PBXFrameworksBuildPhase;
			buildActionMask = 2147483647;
			files = (
			);
			runOnlyForDeploymentPostprocessing = 0;
		};
/* End PBXFrameworksBuildPhase section */

/* Begin PBXGroup section */
		3E1ED4571EA5484EA2B78500 /* SoAgentBar */ = {
			isa = PBXGroup;
			children = (
				D0A7CBE32F76505F0052C5A3 /* UsageMonitor.swift */,
				D0A7CBE42F76505F0052C5A3 /* UsageView.swift */,
				D0A7CBDD2F7591410052C5A3 /* EmojiPickerView.swift */,
				PA1041PA1041PA1041PA1002 /* CharacterPickerView.swift */,
				3E1ED4571EA5484EA2B785AB /* SoAgentBarApp.swift */,
				3E1ED4571EA5484EA2B785AD /* AgentStore.swift */,
				3E1ED4571EA5484EA2B785B6 /* SessionMonitor.swift */,
				3E1ED4571EA5484EA2B785B1 /* MenuBarIconView.swift */,
				3E1ED4571EA5484EA2B785B3 /* AgentListView.swift */,
				D0A7CBDB2F7556860052C5A3 /* SettingsView.swift */,
				3E1ED4571EA5484EA2B785B4 /* Info.plist */,
				D0A7CBE72F766AA30052C5A3 /* StatsStore.swift */,
				D0A7CBE92F766AD00052C5A3 /* StatsView.swift */,
				CC001CC001CC001CC001CC02 /* CostCalculator.swift */,
				15B59B5C2F7973AA00170E5B /* logo.png */,
				15B59B5E2F797D2700170E5B /* AppIcon.icns */,
				D0MAIN00012F8000000000001 /* main.swift */,
				PA0001PA0001PA0001PA0002 /* PixelCharacterProvider.swift */,
				PA0002PA0002PA0002PA0002 /* PixelCharacterNode.swift */,
				PA0003PA0003PA0003PA0002 /* PixelAgentsScene.swift */,
				PA0004PA0004PA0004PA0002 /* SKViewRepresentable.swift */,
				PA0005PA0005PA0005PA0002 /* PixelAgentsWindowController.swift */,
				SM002SM002SM002SM002SM02 /* SystemMetrics.swift */,
				SM003SM003SM003SM003SM02 /* SystemMetricsMonitor.swift */,
				SM005SM005SM005SM005SM02 /* SystemMetricsView.swift */,
				SP002SP002SP002SP002SP02 /* SystemPet.swift */,
				SP003SP003SP003SP003SP02 /* SystemPetNode.swift */,
				UF010UF010UF010UF010UF02 /* KeepAwakeManager.swift */,
				UF011UF011UF011UF011UF02 /* ClipboardEntry.swift */,
				UF012UF012UF012UF012UF02 /* ClipboardMonitor.swift */,
				UF013UF013UF013UF013UF02 /* ClipboardHistoryView.swift */,
				UF014UF014UF014UF014UF02 /* QuickNoteStore.swift */,
				UF015UF015UF015UF015UF02 /* QuickNoteView.swift */,
				UF016UF016UF016UF016UF02 /* PopoverTab.swift */,
				PA1000PA1000PA1000PA1002 /* char_0.png */,
				PA1001PA1001PA1001PA1002 /* char_1.png */,
				PA1002PA1002PA1002PA1002 /* char_2.png */,
				PA1003PA1003PA1003PA1002 /* char_3.png */,
				PA1004PA1004PA1004PA1002 /* char_4.png */,
				PA1005PA1005PA1005PA1002 /* char_5.png */,
				PA2006PA2006PA2006PA1002 /* char_6.png */,
				PA2007PA2007PA2007PA1002 /* char_7.png */,
				PA2008PA2008PA2008PA1002 /* char_8.png */,
				PA2009PA2009PA2009PA1002 /* char_9.png */,
				PA2010PA2010PA2010PA1002 /* char_10.png */,
				PA2011PA2011PA2011PA1002 /* char_11.png */,
				PA2012PA2012PA2012PA1002 /* char_12.png */,
				PA2013PA2013PA2013PA1002 /* char_13.png */,
				PA2014PA2014PA2014PA1002 /* char_14.png */,
				PA2015PA2015PA2015PA1002 /* char_15.png */,
				PA2016PA2016PA2016PA1002 /* char_16.png */,
				PA2017PA2017PA2017PA1002 /* char_17.png */,
				PA2018PA2018PA2018PA1002 /* char_18.png */,
				PA2019PA2019PA2019PA1002 /* char_19.png */,
				PA2020PA2020PA2020PA1002 /* char_20.png */,
				PA2021PA2021PA2021PA1002 /* char_21.png */,
				PA2022PA2022PA2022PA1002 /* char_22.png */,
				PA2023PA2023PA2023PA1002 /* char_23.png */,
				PA2024PA2024PA2024PA1002 /* char_24.png */,
				PA2025PA2025PA2025PA1002 /* char_25.png */,
				PA2026PA2026PA2026PA1002 /* char_26.png */,
				PA2027PA2027PA2027PA1002 /* char_27.png */,
				PA2028PA2028PA2028PA1002 /* char_28.png */,
				PA2029PA2029PA2029PA1002 /* char_29.png */,
				PA2030PA2030PA2030PA1002 /* char_30.png */,
				PA2031PA2031PA2031PA1002 /* char_31.png */,
				PA2032PA2032PA2032PA1002 /* char_32.png */,
				PA2033PA2033PA2033PA1002 /* char_33.png */,
				PA2034PA2034PA2034PA1002 /* char_34.png */,
				PA2035PA2035PA2035PA1002 /* char_35.png */,
				PA2036PA2036PA2036PA1002 /* char_36.png */,
				PA2037PA2037PA2037PA1002 /* char_37.png */,
				PA2038PA2038PA2038PA1002 /* char_38.png */,
				PA2039PA2039PA2039PA1002 /* char_39.png */,
				PA1010PA1010PA1010PA1002 /* floor_0.png */,
				PA1010PA1010PA1010PA1004 /* floor_3.png */,
				PA1021PA1021PA1021PA1002 /* DESK_SIDE.png */,
				PA1025PA1025PA1025PA1002 /* PC_SIDE.png */,
				PA1030PA1030PA1030PA1002 /* SOFA_FRONT.png */,
				PA1031PA1031PA1031PA1002 /* CUSHIONED_BENCH.png */,
					PA1045PA1045PA1045PA1002 /* PLANT_LEFT.png */,
				PA1046PA1046PA1046PA1002 /* PLANT_RIGHT.png */,
				PA1047PA1047PA1047PA1002 /* VENDING_MACHINE.png */,
				PA1048PA1048PA1048PA1002 /* MEETING_TABLE.png */,
				PA1049PA1049PA1049PA1002 /* FRIDGE.png */,
				PA1050PA1050PA1050PA1002 /* FRAME_SMALL.png */,
				PA1051PA1051PA1051PA1002 /* FRAME_LARGE.png */,
			PA1052PA1052PA1052PA1002 /* BOOKSHELF.png */,
				PA1053PA1053PA1053PA1002 /* COFFEE_DESK.png */,
				PA1054PA1054PA1054PA1002 /* COFFEE_MACHINE.png */,
				PA1055PA1055PA1055PA1002 /* MUG.png */,
				PA1056PA1056PA1056PA1002 /* cat_01.png */,
				PA1057PA1057PA1057PA1002 /* dog_01.png */,
			);
			path = SoAgentBar;
			sourceTree = "<group>";
		};
		3E1ED4571EA5484EA2B78501 /* Products */ = {
			isa = PBXGroup;
			children = (
				3E1ED4571EA5484EA2B785A0 /* SoAgentBar.app */,
				CC001CC001CC001CC001CC07 /* SoAgentBarTests.xctest */,
			);
			name = Products;
			sourceTree = "<group>";
		};
		CC001CC001CC001CC001CC09 /* SoAgentBarTests */ = {
			isa = PBXGroup;
			children = (
				CC001CC001CC001CC001CC04 /* CostCalculatorTests.swift */,
				CC001CC001CC001CC001CC06 /* QuietHoursTests.swift */,
				PA0006PA0006PA0006PA0002 /* PixelAgentsTests.swift */,
				SM001SM001SM001SM001SM02 /* SystemMetricsTests.swift */,
				SM004SM004SM004SM004SM02 /* XCTAssertEqualOptional.swift */,
				SP001SP001SP001SP001SP02 /* SystemPetNodeTests.swift */,
				SC001SC001SC001SC001SC02 /* SystemPetSceneTests.swift */,
			PD001PD001PD001PD001PD02 /* PhaseD_WindowControllerTests.swift */,
				UF001UF001UF001UF001UF02 /* KeepAwakeManagerTests.swift */,
				UF002UF002UF002UF002UF02 /* ClipboardMonitorTests.swift */,
				UF003UF003UF003UF003UF02 /* QuickNoteStoreTests.swift */,
				UF017UF017UF017UF017UF02 /* TestConformances.swift */,
			);
			path = SoAgentBarTests;
			sourceTree = "<group>";
		};
		3E1ED4571EA5484EA2B78502 = {
			isa = PBXGroup;
			children = (
				3E1ED4571EA5484EA2B78500 /* SoAgentBar */,
				CC001CC001CC001CC001CC09 /* SoAgentBarTests */,
				3E1ED4571EA5484EA2B78501 /* Products */,
			);
			sourceTree = "<group>";
		};
/* End PBXGroup section */

/* Begin PBXNativeTarget section */
		3E1ED4571EA5484EA2B785C0 /* SoAgentBar */ = {
			isa = PBXNativeTarget;
			buildConfigurationList = 3E1ED4571EA5484EA2B785D0 /* Build configuration list for PBXNativeTarget "SoAgentBar" */;
			buildPhases = (
				3E1ED4571EA5484EA2B785FC /* Sources */,
				3E1ED4571EA5484EA2B785FE /* Frameworks */,
				3E1ED4571EA5484EA2B785FF /* Resources */,
			);
			buildRules = (
			);
			dependencies = (
			);
			name = SoAgentBar;
			productName = SoAgentBar;
			productReference = 3E1ED4571EA5484EA2B785A0 /* SoAgentBar.app */;
			productType = "com.apple.product-type.application";
		};
		CC001CC001CC001CC001CC10 /* SoAgentBarTests */ = {
			isa = PBXNativeTarget;
			buildConfigurationList = CC001CC001CC001CC001CC11 /* Build configuration list for PBXNativeTarget "SoAgentBarTests" */;
			buildPhases = (
				CC001CC001CC001CC001CC12 /* Sources */,
				CC001CC001CC001CC001CC08 /* Frameworks */,
			);
			buildRules = (
			);
			dependencies = (
				CC001CC001CC001CC001CC13 /* PBXTargetDependency */,
			);
			name = SoAgentBarTests;
			productName = SoAgentBarTests;
			productReference = CC001CC001CC001CC001CC07 /* SoAgentBarTests.xctest */;
			productType = "com.apple.product-type.bundle.unit-test";
		};
/* End PBXNativeTarget section */

/* Begin PBXProject section */
		3E1ED4571EA5484EA2B78503 /* Project object */ = {
			isa = PBXProject;
			attributes = {
				BuildIndependentTargetsInParallel = 1;
				LastSwiftUpdateCheck = 1500;
				LastUpgradeCheck = 2640;
				TargetAttributes = {
					3E1ED4571EA5484EA2B785C0 = {
						CreatedOnToolsVersion = 15.0;
					};
					CC001CC001CC001CC001CC10 = {
						CreatedOnToolsVersion = 15.0;
						TestTargetID = 3E1ED4571EA5484EA2B785C0;
					};
				};
			};
			buildConfigurationList = 3E1ED4571EA5484EA2B785D2 /* Build configuration list for PBXProject "SoAgentBar" */;
			compatibilityVersion = "Xcode 14.0";
			developmentRegion = en;
			hasScannedForEncodings = 0;
			knownRegions = (
				en,
				Base,
			);
			mainGroup = 3E1ED4571EA5484EA2B78502;
			packageReferences = (
				D04D14EF2F7A4750001113FE /* XCRemoteSwiftPackageReference "Sparkle" */,
			);
			productRefGroup = 3E1ED4571EA5484EA2B78501 /* Products */;
			projectDirPath = "";
			projectRoot = "";
			targets = (
				3E1ED4571EA5484EA2B785C0 /* SoAgentBar */,
				CC001CC001CC001CC001CC10 /* SoAgentBarTests */,
			);
		};
/* End PBXProject section */

/* Begin PBXResourcesBuildPhase section */
		3E1ED4571EA5484EA2B785FF /* Resources */ = {
			isa = PBXResourcesBuildPhase;
			buildActionMask = 2147483647;
			files = (
				15B59B5D2F7973AA00170E5B /* logo.png in Resources */,
				15B59B5F2F797D2700170E5B /* AppIcon.icns in Resources */,
				PA1000PA1000PA1000PA1001 /* char_0.png in Resources */,
				PA1001PA1001PA1001PA1001 /* char_1.png in Resources */,
				PA1002PA1002PA1002PA1001 /* char_2.png in Resources */,
				PA1003PA1003PA1003PA1001 /* char_3.png in Resources */,
				PA1004PA1004PA1004PA1001 /* char_4.png in Resources */,
				PA1005PA1005PA1005PA1001 /* char_5.png in Resources */,
				PA2006PA2006PA2006PA1001 /* char_6.png in Resources */,
				PA2007PA2007PA2007PA1001 /* char_7.png in Resources */,
				PA2008PA2008PA2008PA1001 /* char_8.png in Resources */,
				PA2009PA2009PA2009PA1001 /* char_9.png in Resources */,
				PA2010PA2010PA2010PA1001 /* char_10.png in Resources */,
				PA2011PA2011PA2011PA1001 /* char_11.png in Resources */,
				PA2012PA2012PA2012PA1001 /* char_12.png in Resources */,
				PA2013PA2013PA2013PA1001 /* char_13.png in Resources */,
				PA2014PA2014PA2014PA1001 /* char_14.png in Resources */,
				PA2015PA2015PA2015PA1001 /* char_15.png in Resources */,
				PA2016PA2016PA2016PA1001 /* char_16.png in Resources */,
				PA2017PA2017PA2017PA1001 /* char_17.png in Resources */,
				PA2018PA2018PA2018PA1001 /* char_18.png in Resources */,
				PA2019PA2019PA2019PA1001 /* char_19.png in Resources */,
				PA2020PA2020PA2020PA1001 /* char_20.png in Resources */,
				PA2021PA2021PA2021PA1001 /* char_21.png in Resources */,
				PA2022PA2022PA2022PA1001 /* char_22.png in Resources */,
				PA2023PA2023PA2023PA1001 /* char_23.png in Resources */,
				PA2024PA2024PA2024PA1001 /* char_24.png in Resources */,
				PA2025PA2025PA2025PA1001 /* char_25.png in Resources */,
				PA2026PA2026PA2026PA1001 /* char_26.png in Resources */,
				PA2027PA2027PA2027PA1001 /* char_27.png in Resources */,
				PA2028PA2028PA2028PA1001 /* char_28.png in Resources */,
				PA2029PA2029PA2029PA1001 /* char_29.png in Resources */,
				PA2030PA2030PA2030PA1001 /* char_30.png in Resources */,
				PA2031PA2031PA2031PA1001 /* char_31.png in Resources */,
				PA2032PA2032PA2032PA1001 /* char_32.png in Resources */,
				PA2033PA2033PA2033PA1001 /* char_33.png in Resources */,
				PA2034PA2034PA2034PA1001 /* char_34.png in Resources */,
				PA2035PA2035PA2035PA1001 /* char_35.png in Resources */,
				PA2036PA2036PA2036PA1001 /* char_36.png in Resources */,
				PA2037PA2037PA2037PA1001 /* char_37.png in Resources */,
				PA2038PA2038PA2038PA1001 /* char_38.png in Resources */,
				PA2039PA2039PA2039PA1001 /* char_39.png in Resources */,
				PA1010PA1010PA1010PA1001 /* floor_0.png in Resources */,
				PA1010PA1010PA1010PA1003 /* floor_3.png in Resources */,
				PA1021PA1021PA1021PA1001 /* DESK_SIDE.png in Resources */,
				PA1025PA1025PA1025PA1001 /* PC_SIDE.png in Resources */,
				PA1030PA1030PA1030PA1001 /* SOFA_FRONT.png in Resources */,
				PA1031PA1031PA1031PA1001 /* CUSHIONED_BENCH.png in Resources */,
				PA1045PA1045PA1045PA1001 /* PLANT_LEFT.png in Resources */,
				PA1046PA1046PA1046PA1001 /* PLANT_RIGHT.png in Resources */,
				PA1047PA1047PA1047PA1001 /* VENDING_MACHINE.png in Resources */,
				PA1048PA1048PA1048PA1001 /* MEETING_TABLE.png in Resources */,
				PA1049PA1049PA1049PA1001 /* FRIDGE.png in Resources */,
				PA1050PA1050PA1050PA1001 /* FRAME_SMALL.png in Resources */,
				PA1051PA1051PA1051PA1001 /* FRAME_LARGE.png in Resources */,
			PA1052PA1052PA1052PA1001 /* BOOKSHELF.png in Resources */,
				PA1053PA1053PA1053PA1001 /* COFFEE_DESK.png in Resources */,
				PA1054PA1054PA1054PA1001 /* COFFEE_MACHINE.png in Resources */,
				PA1055PA1055PA1055PA1001 /* MUG.png in Resources */,
				PA1056PA1056PA1056PA1001 /* cat_01.png in Resources */,
				PA1057PA1057PA1057PA1001 /* dog_01.png in Resources */,
			);
			runOnlyForDeploymentPostprocessing = 0;
		};
/* End PBXResourcesBuildPhase section */

/* Begin PBXSourcesBuildPhase section */
		3E1ED4571EA5484EA2B785FC /* Sources */ = {
			isa = PBXSourcesBuildPhase;
			buildActionMask = 2147483647;
			files = (
				D0A7CBEA2F766AD00052C5A3 /* StatsView.swift in Sources */,
				D0A7CBDE2F7591410052C5A3 /* EmojiPickerView.swift in Sources */,
				PA1041PA1041PA1041PA1001 /* CharacterPickerView.swift in Sources */,
				D0A7CBE82F766AA30052C5A3 /* StatsStore.swift in Sources */,
				3E1ED4571EA5484EA2B785AA /* SoAgentBarApp.swift in Sources */,
				3E1ED4571EA5484EA2B785AC /* AgentStore.swift in Sources */,
				3E1ED4571EA5484EA2B785B5 /* SessionMonitor.swift in Sources */,
				D0A7CBE52F76505F0052C5A3 /* UsageMonitor.swift in Sources */,
				D0A7CBE62F76505F0052C5A3 /* UsageView.swift in Sources */,
				D0A7CBDC2F7556870052C5A3 /* SettingsView.swift in Sources */,
				3E1ED4571EA5484EA2B785B0 /* MenuBarIconView.swift in Sources */,
				3E1ED4571EA5484EA2B785B2 /* AgentListView.swift in Sources */,
				CC001CC001CC001CC001CC01 /* CostCalculator.swift in Sources */,
				D0MAIN00012F8000000000000 /* main.swift in Sources */,
				PA0001PA0001PA0001PA0001 /* PixelCharacterProvider.swift in Sources */,
				PA0002PA0002PA0002PA0001 /* PixelCharacterNode.swift in Sources */,
				PA0003PA0003PA0003PA0001 /* PixelAgentsScene.swift in Sources */,
				PA0004PA0004PA0004PA0001 /* SKViewRepresentable.swift in Sources */,
				PA0005PA0005PA0005PA0001 /* PixelAgentsWindowController.swift in Sources */,
				SM002SM002SM002SM002SM01 /* SystemMetrics.swift in Sources */,
				SM003SM003SM003SM003SM01 /* SystemMetricsMonitor.swift in Sources */,
				SM005SM005SM005SM005SM01 /* SystemMetricsView.swift in Sources */,
				SP002SP002SP002SP002SP01 /* SystemPet.swift in Sources */,
				SP003SP003SP003SP003SP01 /* SystemPetNode.swift in Sources */,
				UF010UF010UF010UF010UF01 /* KeepAwakeManager.swift in Sources */,
				UF011UF011UF011UF011UF01 /* ClipboardEntry.swift in Sources */,
				UF012UF012UF012UF012UF01 /* ClipboardMonitor.swift in Sources */,
				UF013UF013UF013UF013UF01 /* ClipboardHistoryView.swift in Sources */,
				UF014UF014UF014UF014UF01 /* QuickNoteStore.swift in Sources */,
				UF015UF015UF015UF015UF01 /* QuickNoteView.swift in Sources */,
				UF016UF016UF016UF016UF01 /* PopoverTab.swift in Sources */,
			);
			runOnlyForDeploymentPostprocessing = 0;
		};
		CC001CC001CC001CC001CC12 /* Sources */ = {
			isa = PBXSourcesBuildPhase;
			buildActionMask = 2147483647;
			files = (
				CC001CC001CC001CC001CC03 /* CostCalculatorTests.swift in Sources */,
				CC001CC001CC001CC001CC05 /* QuietHoursTests.swift in Sources */,
				PA0006PA0006PA0006PA0001 /* PixelAgentsTests.swift in Sources */,
				SM001SM001SM001SM001SM01 /* SystemMetricsTests.swift in Sources */,
				SM004SM004SM004SM004SM01 /* XCTAssertEqualOptional.swift in Sources */,
				SP001SP001SP001SP001SP01 /* SystemPetNodeTests.swift in Sources */,
				SC001SC001SC001SC001SC01 /* SystemPetSceneTests.swift in Sources */,
			PD001PD001PD001PD001PD01 /* PhaseD_WindowControllerTests.swift in Sources */,
				UF001UF001UF001UF001UF01 /* KeepAwakeManagerTests.swift in Sources */,
				UF002UF002UF002UF002UF01 /* ClipboardMonitorTests.swift in Sources */,
				UF003UF003UF003UF003UF01 /* QuickNoteStoreTests.swift in Sources */,
				UF017UF017UF017UF017UF01 /* TestConformances.swift in Sources */,
			);
			runOnlyForDeploymentPostprocessing = 0;
		};
/* End PBXSourcesBuildPhase section */

/* Begin PBXContainerItemProxy section */
		CC001CC001CC001CC001CC14 /* PBXContainerItemProxy */ = {
			isa = PBXContainerItemProxy;
			containerPortal = 3E1ED4571EA5484EA2B78503 /* Project object */;
			proxyType = 1;
			remoteGlobalIDString = 3E1ED4571EA5484EA2B785C0;
			remoteInfo = SoAgentBar;
		};
/* End PBXContainerItemProxy section */

/* Begin PBXTargetDependency section */
		CC001CC001CC001CC001CC13 /* PBXTargetDependency */ = {
			isa = PBXTargetDependency;
			target = 3E1ED4571EA5484EA2B785C0 /* SoAgentBar */;
			targetProxy = CC001CC001CC001CC001CC14 /* PBXContainerItemProxy */;
		};
/* End PBXTargetDependency section */

/* Begin XCBuildConfiguration section */
		3E1ED4571EA5484EA2B785D3 /* Debug */ = {
			isa = XCBuildConfiguration;
			buildSettings = {
				ALWAYS_SEARCH_USER_PATHS = NO;
				ASSETCATALOG_COMPILER_GENERATE_SWIFT_ASSET_SYMBOL_EXTENSIONS = YES;
				CLANG_ANALYZER_NONNULL = YES;
				CLANG_ANALYZER_NUMBER_OBJECT_CONVERSION = YES_AGGRESSIVE;
				CLANG_CXX_LANGUAGE_STANDARD = "gnu++20";
				CLANG_ENABLE_MODULES = YES;
				CLANG_ENABLE_OBJC_ARC = YES;
				CLANG_ENABLE_OBJC_WEAK = YES;
				CLANG_WARN_BLOCK_CAPTURE_AUTORELEASING = YES;
				CLANG_WARN_BOOL_CONVERSION = YES;
				CLANG_WARN_COMMA = YES;
				CLANG_WARN_CONSTANT_CONVERSION = YES;
				CLANG_WARN_DEPRECATED_OBJC_IMPLEMENTATIONS = YES;
				CLANG_WARN_DIRECT_OBJC_ISA_USAGE = YES_ERROR;
				CLANG_WARN_DOCUMENTATION_COMMENTS = YES;
				CLANG_WARN_EMPTY_BODY = YES;
				CLANG_WARN_ENUM_CONVERSION = YES;
				CLANG_WARN_INFINITE_RECURSION = YES;
				CLANG_WARN_INT_CONVERSION = YES;
				CLANG_WARN_NON_LITERAL_NULL_CONVERSION = YES;
				CLANG_WARN_OBJC_IMPLICIT_RETAIN_SELF = YES;
				CLANG_WARN_OBJC_LITERAL_CONVERSION = YES;
				CLANG_WARN_OBJC_ROOT_CLASS = YES_ERROR;
				CLANG_WARN_QUOTED_INCLUDE_IN_FRAMEWORK_HEADER = YES;
				CLANG_WARN_RANGE_LOOP_ANALYSIS = YES;
				CLANG_WARN_STRICT_PROTOTYPES = YES;
				CLANG_WARN_SUSPICIOUS_MOVE = YES;
				CLANG_WARN_UNGUARDED_AVAILABILITY = YES_AGGRESSIVE;
				CLANG_WARN_UNREACHABLE_CODE = YES;
				CLANG_WARN__DUPLICATE_METHOD_MATCH = YES;
				COPY_PHASE_STRIP = NO;
				DEAD_CODE_STRIPPING = YES;
				DEBUG_INFORMATION_FORMAT = dwarf;
				DEVELOPMENT_TEAM = X5NBG68P4L;
				ENABLE_STRICT_OBJC_MSGSEND = YES;
				ENABLE_TESTABILITY = YES;
				ENABLE_USER_SCRIPT_SANDBOXING = YES;
				GCC_C_LANGUAGE_STANDARD = gnu17;
				GCC_DYNAMIC_NO_PIC = NO;
				GCC_NO_COMMON_BLOCKS = YES;
				GCC_OPTIMIZATION_LEVEL = 0;
				GCC_PREPROCESSOR_DEFINITIONS = (
					"DEBUG=1",
					"$(inherited)",
				);
				GCC_WARN_64_TO_32_BIT_CONVERSION = YES;
				GCC_WARN_ABOUT_RETURN_TYPE = YES_ERROR;
				GCC_WARN_UNDECLARED_SELECTOR = YES;
				GCC_WARN_UNINITIALIZED_AUTOS = YES_AGGRESSIVE;
				GCC_WARN_UNUSED_FUNCTION = YES;
				GCC_WARN_UNUSED_VARIABLE = YES;
				MACOSX_DEPLOYMENT_TARGET = 14.0;
				MTL_ENABLE_DEBUG_INFO = INCLUDE_SOURCE;
				MTL_FAST_MATH = YES;
				ONLY_ACTIVE_ARCH = YES;
				SDKROOT = macosx;
				STRING_CATALOG_GENERATE_SYMBOLS = YES;
				SWIFT_ACTIVE_COMPILATION_CONDITIONS = "DEBUG $(inherited)";
				SWIFT_OPTIMIZATION_LEVEL = "-Onone";
			};
			name = Debug;
		};
		3E1ED4571EA5484EA2B785D4 /* Release */ = {
			isa = XCBuildConfiguration;
			buildSettings = {
				ALWAYS_SEARCH_USER_PATHS = NO;
				ASSETCATALOG_COMPILER_GENERATE_SWIFT_ASSET_SYMBOL_EXTENSIONS = YES;
				CLANG_ANALYZER_NONNULL = YES;
				CLANG_ANALYZER_NUMBER_OBJECT_CONVERSION = YES_AGGRESSIVE;
				CLANG_CXX_LANGUAGE_STANDARD = "gnu++20";
				CLANG_ENABLE_MODULES = YES;
				CLANG_ENABLE_OBJC_ARC = YES;
				CLANG_ENABLE_OBJC_WEAK = YES;
				CLANG_WARN_BLOCK_CAPTURE_AUTORELEASING = YES;
				CLANG_WARN_BOOL_CONVERSION = YES;
				CLANG_WARN_COMMA = YES;
				CLANG_WARN_CONSTANT_CONVERSION = YES;
				CLANG_WARN_DEPRECATED_OBJC_IMPLEMENTATIONS = YES;
				CLANG_WARN_DIRECT_OBJC_ISA_USAGE = YES_ERROR;
				CLANG_WARN_DOCUMENTATION_COMMENTS = YES;
				CLANG_WARN_EMPTY_BODY = YES;
				CLANG_WARN_ENUM_CONVERSION = YES;
				CLANG_WARN_INFINITE_RECURSION = YES;
				CLANG_WARN_INT_CONVERSION = YES;
				CLANG_WARN_NON_LITERAL_NULL_CONVERSION = YES;
				CLANG_WARN_OBJC_IMPLICIT_RETAIN_SELF = YES;
				CLANG_WARN_OBJC_LITERAL_CONVERSION = YES;
				CLANG_WARN_OBJC_ROOT_CLASS = YES_ERROR;
				CLANG_WARN_QUOTED_INCLUDE_IN_FRAMEWORK_HEADER = YES;
				CLANG_WARN_RANGE_LOOP_ANALYSIS = YES;
				CLANG_WARN_STRICT_PROTOTYPES = YES;
				CLANG_WARN_SUSPICIOUS_MOVE = YES;
				CLANG_WARN_UNGUARDED_AVAILABILITY = YES_AGGRESSIVE;
				CLANG_WARN_UNREACHABLE_CODE = YES;
				CLANG_WARN__DUPLICATE_METHOD_MATCH = YES;
				COPY_PHASE_STRIP = NO;
				DEAD_CODE_STRIPPING = YES;
				DEBUG_INFORMATION_FORMAT = "dwarf-with-dsym";
				DEVELOPMENT_TEAM = X5NBG68P4L;
				ENABLE_NS_ASSERTIONS = NO;
				ENABLE_STRICT_OBJC_MSGSEND = YES;
				ENABLE_USER_SCRIPT_SANDBOXING = YES;
				GCC_C_LANGUAGE_STANDARD = gnu17;
				GCC_NO_COMMON_BLOCKS = YES;
				GCC_WARN_64_TO_32_BIT_CONVERSION = YES;
				GCC_WARN_ABOUT_RETURN_TYPE = YES_ERROR;
				GCC_WARN_UNDECLARED_SELECTOR = YES;
				GCC_WARN_UNINITIALIZED_AUTOS = YES_AGGRESSIVE;
				GCC_WARN_UNUSED_FUNCTION = YES;
				GCC_WARN_UNUSED_VARIABLE = YES;
				MACOSX_DEPLOYMENT_TARGET = 14.0;
				MTL_ENABLE_DEBUG_INFO = NO;
				MTL_FAST_MATH = YES;
				SDKROOT = macosx;
				STRING_CATALOG_GENERATE_SYMBOLS = YES;
				SWIFT_COMPILATION_MODE = wholemodule;
			};
			name = Release;
		};
		3E1ED4571EA5484EA2B785D5 /* Debug */ = {
			isa = XCBuildConfiguration;
			buildSettings = {
				ASSETCATALOG_COMPILER_APPICON_NAME = AppIcon;
				ASSETCATALOG_COMPILER_GLOBAL_ACCENT_COLOR_NAME = AccentColor;
				CODE_SIGN_ENTITLEMENTS = SoAgentBar/SoAgentBar.entitlements;
				CODE_SIGN_STYLE = Automatic;
				COMBINE_HIDPI_IMAGES = YES;
				CURRENT_PROJECT_VERSION = 1;
				DEAD_CODE_STRIPPING = YES;
				ENABLE_HARDENED_RUNTIME = YES;
				GENERATE_INFOPLIST_FILE = NO;
				INFOPLIST_FILE = SoAgentBar/Info.plist;
				INFOPLIST_KEY_NSHumanReadableCopyright = "";
				LD_RUNPATH_SEARCH_PATHS = (
					"$(inherited)",
					"@executable_path/../Frameworks",
				);
				MARKETING_VERSION = 1.0;
				PRODUCT_BUNDLE_IDENTIFIER = com.sotthang.soagentbar;
				PRODUCT_NAME = "$(TARGET_NAME)";
				SWIFT_EMIT_LOC_STRINGS = YES;
				SWIFT_VERSION = 5.0;
				VERSIONING_SYSTEM = "apple-generic";
			};
			name = Debug;
		};
		3E1ED4571EA5484EA2B785D6 /* Release */ = {
			isa = XCBuildConfiguration;
			buildSettings = {
				ASSETCATALOG_COMPILER_APPICON_NAME = AppIcon;
				ASSETCATALOG_COMPILER_GLOBAL_ACCENT_COLOR_NAME = AccentColor;
				CODE_SIGN_ENTITLEMENTS = SoAgentBar/SoAgentBar.entitlements;
				CODE_SIGN_STYLE = Automatic;
				COMBINE_HIDPI_IMAGES = YES;
				CURRENT_PROJECT_VERSION = 1;
				DEAD_CODE_STRIPPING = YES;
				ENABLE_HARDENED_RUNTIME = YES;
				GENERATE_INFOPLIST_FILE = NO;
				INFOPLIST_FILE = SoAgentBar/Info.plist;
				INFOPLIST_KEY_NSHumanReadableCopyright = "";
				LD_RUNPATH_SEARCH_PATHS = (
					"$(inherited)",
					"@executable_path/../Frameworks",
				);
				MARKETING_VERSION = 1.0;
				PRODUCT_BUNDLE_IDENTIFIER = com.sotthang.soagentbar;
				PRODUCT_NAME = "$(TARGET_NAME)";
				SWIFT_EMIT_LOC_STRINGS = YES;
				SWIFT_VERSION = 5.0;
				VERSIONING_SYSTEM = "apple-generic";
			};
			name = Release;
		};
/* End XCBuildConfiguration section */

		CC001CC001CC001CC001CC15 /* Debug */ = {
			isa = XCBuildConfiguration;
			buildSettings = {
				BUNDLE_LOADER = "$(TEST_HOST)";
				CODE_SIGN_STYLE = Automatic;
				GENERATE_INFOPLIST_FILE = YES;
				MACOSX_DEPLOYMENT_TARGET = 14.0;
				PRODUCT_BUNDLE_IDENTIFIER = com.sotthang.soagentbar.tests;
				PRODUCT_NAME = "$(TARGET_NAME)";
				SDKROOT = macosx;
				SWIFT_VERSION = 5.0;
				TEST_HOST = "$(BUILT_PRODUCTS_DIR)/SoAgentBar.app/Contents/MacOS/SoAgentBar";
			};
			name = Debug;
		};
		CC001CC001CC001CC001CC16 /* Release */ = {
			isa = XCBuildConfiguration;
			buildSettings = {
				BUNDLE_LOADER = "$(TEST_HOST)";
				CODE_SIGN_STYLE = Automatic;
				GENERATE_INFOPLIST_FILE = YES;
				MACOSX_DEPLOYMENT_TARGET = 14.0;
				PRODUCT_BUNDLE_IDENTIFIER = com.sotthang.soagentbar.tests;
				PRODUCT_NAME = "$(TARGET_NAME)";
				SDKROOT = macosx;
				SWIFT_VERSION = 5.0;
				TEST_HOST = "$(BUILT_PRODUCTS_DIR)/SoAgentBar.app/Contents/MacOS/SoAgentBar";
			};
			name = Release;
		};
/* Begin XCConfigurationList section */
		3E1ED4571EA5484EA2B785D0 /* Build configuration list for PBXNativeTarget "SoAgentBar" */ = {
			isa = XCConfigurationList;
			buildConfigurations = (
				3E1ED4571EA5484EA2B785D5 /* Debug */,
				3E1ED4571EA5484EA2B785D6 /* Release */,
			);
			defaultConfigurationIsVisible = 0;
			defaultConfigurationName = Release;
		};
		3E1ED4571EA5484EA2B785D2 /* Build configuration list for PBXProject "SoAgentBar" */ = {
			isa = XCConfigurationList;
			buildConfigurations = (
				3E1ED4571EA5484EA2B785D3 /* Debug */,
				3E1ED4571EA5484EA2B785D4 /* Release */,
			);
			defaultConfigurationIsVisible = 0;
			defaultConfigurationName = Release;
		};
		CC001CC001CC001CC001CC11 /* Build configuration list for PBXNativeTarget "SoAgentBarTests" */ = {
			isa = XCConfigurationList;
			buildConfigurations = (
				CC001CC001CC001CC001CC15 /* Debug */,
				CC001CC001CC001CC001CC16 /* Release */,
			);
			defaultConfigurationIsVisible = 0;
			defaultConfigurationName = Release;
		};
/* End XCConfigurationList section */

/* Begin XCRemoteSwiftPackageReference section */
		D04D14EF2F7A4750001113FE /* XCRemoteSwiftPackageReference "Sparkle" */ = {
			isa = XCRemoteSwiftPackageReference;
			repositoryURL = "https://github.com/sparkle-project/Sparkle";
			requirement = {
				kind = upToNextMajorVersion;
				minimumVersion = 2.9.1;
			};
		};
/* End XCRemoteSwiftPackageReference section */

/* Begin XCSwiftPackageProductDependency section */
		D04D14F02F7A4750001113FE /* Sparkle */ = {
			isa = XCSwiftPackageProductDependency;
			package = D04D14EF2F7A4750001113FE /* XCRemoteSwiftPackageReference "Sparkle" */;
			productName = Sparkle;
		};
/* End XCSwiftPackageProductDependency section */
	};
	rootObject = 3E1ED4571EA5484EA2B78503 /* Project object */;
}
